// !$*UTF8*$!
{
	archiveVersion = 1;
	classes = {
	};
	objectVersion = 46;
	objects = {

/* Begin PBXBuildFile section */
		64828F611DCBA2DD000DADE1 /* AppDelegate.swift in Sources */ = {isa = PBXBuildFile; fileRef = 64828F601DCBA2DD000DADE1 /* AppDelegate.swift */; };
		64828F631DCBA2DD000DADE1 /* ViewController.swift in Sources */ = {isa = PBXBuildFile; fileRef = 64828F621DCBA2DD000DADE1 /* ViewController.swift */; };
		64828F661DCBA2DD000DADE1 /* Main.storyboard in Resources */ = {isa = PBXBuildFile; fileRef = 64828F641DCBA2DD000DADE1 /* Main.storyboard */; };
		64828F681DCBA2DD000DADE1 /* Assets.xcassets in Resources */ = {isa = PBXBuildFile; fileRef = 64828F671DCBA2DD000DADE1 /* Assets.xcassets */; };
		64828F6B1DCBA2DD000DADE1 /* LaunchScreen.storyboard in Resources */ = {isa = PBXBuildFile; fileRef = 64828F691DCBA2DD000DADE1 /* LaunchScreen.storyboard */; };
		64828F761DCBA2DE000DADE1 /* eGFRTests.swift in Sources */ = {isa = PBXBuildFile; fileRef = 64828F751DCBA2DE000DADE1 /* eGFRTests.swift */; };
		64828F811DCBA2DE000DADE1 /* eGFRUITests.swift in Sources */ = {isa = PBXBuildFile; fileRef = 64828F801DCBA2DE000DADE1 /* eGFRUITests.swift */; };
/* End PBXBuildFile section */

/* Begin PBXContainerItemProxy section */
		64828F721DCBA2DE000DADE1 /* PBXContainerItemProxy */ = {
			isa = PBXContainerItemProxy;
			containerPortal = 64828F551DCBA2DD000DADE1 /* Project object */;
			proxyType = 1;
			remoteGlobalIDString = 64828F5C1DCBA2DD000DADE1;
			remoteInfo = eGFR;
		};
		64828F7D1DCBA2DE000DADE1 /* PBXContainerItemProxy */ = {
			isa = PBXContainerItemProxy;
			containerPortal = 64828F551DCBA2DD000DADE1 /* Project object */;
			proxyType = 1;
			remoteGlobalIDString = 64828F5C1DCBA2DD000DADE1;
			remoteInfo = eGFR;
		};
/* End PBXContainerItemProxy section */

/* Begin PBXFileReference section */
		64828F5D1DCBA2DD000DADE1 /* eGFR.app */ = {isa = PBXFileReference; explicitFileType = wrapper.application; includeInIndex = 0; path = eGFR.app; sourceTree = BUILT_PRODUCTS_DIR; };
		64828F601DCBA2DD000DADE1 /* AppDelegate.swift */ = {isa = PBXFileReference; lastKnownFileType = sourcecode.swift; path = AppDelegate.swift; sourceTree = "<group>"; };
		64828F621DCBA2DD000DADE1 /* ViewController.swift */ = {isa = PBXFileReference; lastKnownFileType = sourcecode.swift; path = ViewController.swift; sourceTree = "<group>"; };
		64828F651DCBA2DD000DADE1 /* Base */ = {isa = PBXFileReference; lastKnownFileType = file.storyboard; name = Base; path = Base.lproj/Main.storyboard; sourceTree = "<group>"; };
		64828F671DCBA2DD000DADE1 /* Assets.xcassets */ = {isa = PBXFileReference; lastKnownFileType = folder.assetcatalog; path = Assets.xcassets; sourceTree = "<group>"; };
		64828F6A1DCBA2DD000DADE1 /* Base */ = {isa = PBXFileReference; lastKnownFileType = file.storyboard; name = Base; path = Base.lproj/LaunchScreen.storyboard; sourceTree = "<group>"; };
		64828F6C1DCBA2DD000DADE1 /* Info.plist */ = {isa = PBXFileReference; lastKnownFileType = text.plist.xml; path = Info.plist; sourceTree = "<group>"; };
		64828F711DCBA2DE000DADE1 /* eGFRTests.xctest */ = {isa = PBXFileReference; explicitFileType = wrapper.cfbundle; includeInIndex = 0; path = eGFRTests.xctest; sourceTree = BUILT_PRODUCTS_DIR; };
		64828F751DCBA2DE000DADE1 /* eGFRTests.swift */ = {isa = PBXFileReference; lastKnownFileType = sourcecode.swift; path = eGFRTests.swift; sourceTree = "<group>"; };
		64828F771DCBA2DE000DADE1 /* Info.plist */ = {isa = PBXFileReference; lastKnownFileType = text.plist.xml; path = Info.plist; sourceTree = "<group>"; };
		64828F7C1DCBA2DE000DADE1 /* eGFRUITests.xctest */ = {isa = PBXFileReference; explicitFileType = wrapper.cfbundle; includeInIndex = 0; path = eGFRUITests.xctest; sourceTree = BUILT_PRODUCTS_DIR; };
		64828F801DCBA2DE000DADE1 /* eGFRUITests.swift */ = {isa = PBXFileReference; lastKnownFileType = sourcecode.swift; path = eGFRUITests.swift; sourceTree = "<group>"; };
		64828F821DCBA2DE000DADE1 /* Info.plist */ = {isa = PBXFileReference; lastKnownFileType = text.plist.xml; path = Info.plist; sourceTree = "<group>"; };
/* End PBXFileReference section */

/* Begin PBXFrameworksBuildPhase section */
		64828F5A1DCBA2DD000DADE1 /* Frameworks */ = {
			isa = PBXFrameworksBuildPhase;
			buildActionMask = 2147483647;
			files = (
			);
			runOnlyForDeploymentPostprocessing = 0;
		};
		64828F6E1DCBA2DE000DADE1 /* Frameworks */ = {
			isa = PBXFrameworksBuildPhase;
			buildActionMask = 2147483647;
			files = (
			);
			runOnlyForDeploymentPostprocessing = 0;
		};
		64828F791DCBA2DE000DADE1 /* Frameworks */ = {
			isa = PBXFrameworksBuildPhase;
			buildActionMask = 2147483647;
			files = (
			);
			runOnlyForDeploymentPostprocessing = 0;
		};
/* End PBXFrameworksBuildPhase section */

/* Begin PBXGroup section */
		64828F541DCBA2DD000DADE1 = {
			isa = PBXGroup;
			children = (
				64828F5F1DCBA2DD000DADE1 /* eGFR */,
				64828F741DCBA2DE000DADE1 /* eGFRTests */,
				64828F7F1DCBA2DE000DADE1 /* eGFRUITests */,
				64828F5E1DCBA2DD000DADE1 /* Products */,
			);
			sourceTree = "<group>";
		};
		64828F5E1DCBA2DD000DADE1 /* Products */ = {
			isa = PBXGroup;
			children = (
				64828F5D1DCBA2DD000DADE1 /* eGFR.app */,
				64828F711DCBA2DE000DADE1 /* eGFRTests.xctest */,
				64828F7C1DCBA2DE000DADE1 /* eGFRUITests.xctest */,
			);
			name = Products;
			sourceTree = "<group>";
		};
		64828F5F1DCBA2DD000DADE1 /* eGFR */ = {
			isa = PBXGroup;
			children = (
				64828F601DCBA2DD000DADE1 /* AppDelegate.swift */,
				64828F621DCBA2DD000DADE1 /* ViewController.swift */,
				64828F641DCBA2DD000DADE1 /* Main.storyboard */,
				64828F671DCBA2DD000DADE1 /* Assets.xcassets */,
				64828F691DCBA2DD000DADE1 /* LaunchScreen.storyboard */,
				64828F6C1DCBA2DD000DADE1 /* Info.plist */,
			);
			path = eGFR;
			sourceTree = "<group>";
		};
		64828F741DCBA2DE000DADE1 /* eGFRTests */ = {
			isa = PBXGroup;
			children = (
				64828F751DCBA2DE000DADE1 /* eGFRTests.swift */,
				64828F771DCBA2DE000DADE1 /* Info.plist */,
			);
			path = eGFRTests;
			sourceTree = "<group>";
		};
		64828F7F1DCBA2DE000DADE1 /* eGFRUITests */ = {
			isa = PBXGroup;
			children = (
				64828F801DCBA2DE000DADE1 /* eGFRUITests.swift */,
				64828F821DCBA2DE000DADE1 /* Info.plist */,
			);
			path = eGFRUITests;
			sourceTree = "<group>";
		};
/* End PBXGroup section */

/* Begin PBXNativeTarget section */
		64828F5C1DCBA2DD000DADE1 /* eGFR */ = {
			isa = PBXNativeTarget;
			buildConfigurationList = 64828F851DCBA2DE000DADE1 /* Build configuration list for PBXNativeTarget "eGFR" */;
			buildPhases = (
				64828F591DCBA2DD000DADE1 /* Sources */,
				64828F5A1DCBA2DD000DADE1 /* Frameworks */,
				64828F5B1DCBA2DD000DADE1 /* Resources */,
			);
			buildRules = (
			);
			dependencies = (
			);
			name = eGFR;
			productName = eGFR;
			productReference = 64828F5D1DCBA2DD000DADE1 /* eGFR.app */;
			productType = "com.apple.product-type.application";
		};
		64828F701DCBA2DE000DADE1 /* eGFRTests */ = {
			isa = PBXNativeTarget;
			buildConfigurationList = 64828F881DCBA2DE000DADE1 /* Build configuration list for PBXNativeTarget "eGFRTests" */;
			buildPhases = (
				64828F6D1DCBA2DE000DADE1 /* Sources */,
				64828F6E1DCBA2DE000DADE1 /* Frameworks */,
				64828F6F1DCBA2DE000DADE1 /* Resources */,
			);
			buildRules = (
			);
			dependencies = (
				64828F731DCBA2DE000DADE1 /* PBXTargetDependency */,
			);
			name = eGFRTests;
			productName = eGFRTests;
			productReference = 64828F711DCBA2DE000DADE1 /* eGFRTests.xctest */;
			productType = "com.apple.product-type.bundle.unit-test";
		};
		64828F7B1DCBA2DE000DADE1 /* eGFRUITests */ = {
			isa = PBXNativeTarget;
			buildConfigurationList = 64828F8B1DCBA2DE000DADE1 /* Build configuration list for PBXNativeTarget "eGFRUITests" */;
			buildPhases = (
				64828F781DCBA2DE000DADE1 /* Sources */,
				64828F791DCBA2DE000DADE1 /* Frameworks */,
				64828F7A1DCBA2DE000DADE1 /* Resources */,
			);
			buildRules = (
			);
			dependencies = (
				64828F7E1DCBA2DE000DADE1 /* PBXTargetDependency */,
			);
			name = eGFRUITests;
			productName = eGFRUITests;
			productReference = 64828F7C1DCBA2DE000DADE1 /* eGFRUITests.xctest */;
			productType = "com.apple.product-type.bundle.ui-testing";
		};
/* End PBXNativeTarget section */

/* Begin PBXProject section */
		64828F551DCBA2DD000DADE1 /* Project object */ = {
			isa = PBXProject;
			attributes = {
				LastSwiftUpdateCheck = 0810;
				LastUpgradeCheck = 0810;
				ORGANIZATIONNAME = "Elias Storme";
				TargetAttributes = {
					64828F5C1DCBA2DD000DADE1 = {
						CreatedOnToolsVersion = 8.1;
						ProvisioningStyle = Automatic;
					};
					64828F701DCBA2DE000DADE1 = {
						CreatedOnToolsVersion = 8.1;
						ProvisioningStyle = Automatic;
						TestTargetID = 64828F5C1DCBA2DD000DADE1;
					};
					64828F7B1DCBA2DE000DADE1 = {
						CreatedOnToolsVersion = 8.1;
						ProvisioningStyle = Automatic;
						TestTargetID = 64828F5C1DCBA2DD000DADE1;
					};
				};
			};
			buildConfigurationList = 64828F581DCBA2DD000DADE1 /* Build configuration list for PBXProject "eGFR" */;
			compatibilityVersion = "Xcode 3.2";
			developmentRegion = English;
			hasScannedForEncodings = 0;
			knownRegions = (
				en,
				Base,
			);
			mainGroup = 64828F541DCBA2DD000DADE1;
			productRefGroup = 64828F5E1DCBA2DD000DADE1 /* Products */;
			projectDirPath = "";
			projectRoot = "";
			targets = (
				64828F5C1DCBA2DD000DADE1 /* eGFR */,
				64828F701DCBA2DE000DADE1 /* eGFRTests */,
				64828F7B1DCBA2DE000DADE1 /* eGFRUITests */,
			);
		};
/* End PBXProject section */

/* Begin PBXResourcesBuildPhase section */
		64828F5B1DCBA2DD000DADE1 /* Resources */ = {
			isa = PBXResourcesBuildPhase;
			buildActionMask = 2147483647;
			files = (
				64828F6B1DCBA2DD000DADE1 /* LaunchScreen.storyboard in Resources */,
				64828F681DCBA2DD000DADE1 /* Assets.xcassets in Resources */,
				64828F661DCBA2DD000DADE1 /* Main.storyboard in Resources */,
			);
			runOnlyForDeploymentPostprocessing = 0;
		};
		64828F6F1DCBA2DE000DADE1 /* Resources */ = {
			isa = PBXResourcesBuildPhase;
			buildActionMask = 2147483647;
			files = (
			);
			runOnlyForDeploymentPostprocessing = 0;
		};
		64828F7A1DCBA2DE000DADE1 /* Resources */ = {
			isa = PBXResourcesBuildPhase;
			buildActionMask = 2147483647;
			files = (
			);
			runOnlyForDeploymentPostprocessing = 0;
		};
/* End PBXResourcesBuildPhase section */

/* Begin PBXSourcesBuildPhase section */
		64828F591DCBA2DD000DADE1 /* Sources */ = {
			isa = PBXSourcesBuildPhase;
			buildActionMask = 2147483647;
			files = (
				64828F631DCBA2DD000DADE1 /* ViewController.swift in Sources */,
				64828F611DCBA2DD000DADE1 /* AppDelegate.swift in Sources */,
			);
			runOnlyForDeploymentPostprocessing = 0;
		};
		64828F6D1DCBA2DE000DADE1 /* Sources */ = {
			isa = PBXSourcesBuildPhase;
			buildActionMask = 2147483647;
			files = (
				64828F761DCBA2DE000DADE1 /* eGFRTests.swift in Sources */,
			);
			runOnlyForDeploymentPostprocessing = 0;
		};
		64828F781DCBA2DE000DADE1 /* Sources */ = {
			isa = PBXSourcesBuildPhase;
			buildActionMask = 2147483647;
			files = (
				64828F811DCBA2DE000DADE1 /* eGFRUITests.swift in Sources */,
			);
			runOnlyForDeploymentPostprocessing = 0;
		};
/* End PBXSourcesBuildPhase section */

/* Begin PBXTargetDependency section */
		64828F731DCBA2DE000DADE1 /* PBXTargetDependency */ = {
			isa = PBXTargetDependency;
			target = 64828F5C1DCBA2DD000DADE1 /* eGFR */;
			targetProxy = 64828F721DCBA2DE000DADE1 /* PBXContainerItemProxy */;
		};
		64828F7E1DCBA2DE000DADE1 /* PBXTargetDependency */ = {
			isa = PBXTargetDependency;
			target = 64828F5C1DCBA2DD000DADE1 /* eGFR */;
			targetProxy = 64828F7D1DCBA2DE000DADE1 /* PBXContainerItemProxy */;
		};
/* End PBXTargetDependency section */

/* Begin PBXVariantGroup section */
		64828F641DCBA2DD000DADE1 /* Main.storyboard */ = {
			isa = PBXVariantGroup;
			children = (
				64828F651DCBA2DD000DADE1 /* Base */,
			);
			name = Main.storyboard;
			sourceTree = "<group>";
		};
		64828F691DCBA2DD000DADE1 /* LaunchScreen.storyboard */ = {
			isa = PBXVariantGroup;
			children = (
				64828F6A1DCBA2DD000DADE1 /* Base */,
			);
			name = LaunchScreen.storyboard;
			sourceTree = "<group>";
		};
/* End PBXVariantGroup section */

/* Begin XCBuildConfiguration section */
		64828F831DCBA2DE000DADE1 /* Debug */ = {
			isa = XCBuildConfiguration;
			buildSettings = {
				ALWAYS_SEARCH_USER_PATHS = NO;
				CLANG_ANALYZER_NONNULL = YES;
				CLANG_CXX_LANGUAGE_STANDARD = "gnu++0x";
				CLANG_CXX_LIBRARY = "libc++";
				CLANG_ENABLE_MODULES = YES;
				CLANG_ENABLE_OBJC_ARC = YES;
				CLANG_WARN_BOOL_CONVERSION = YES;
				CLANG_WARN_CONSTANT_CONVERSION = YES;
				CLANG_WARN_DIRECT_OBJC_ISA_USAGE = YES_ERROR;
				CLANG_WARN_DOCUMENTATION_COMMENTS = YES;
				CLANG_WARN_EMPTY_BODY = YES;
				CLANG_WARN_ENUM_CONVERSION = YES;
				CLANG_WARN_INFINITE_RECURSION = YES;
				CLANG_WARN_INT_CONVERSION = YES;
				CLANG_WARN_OBJC_ROOT_CLASS = YES_ERROR;
				CLANG_WARN_SUSPICIOUS_MOVES = YES;
				CLANG_WARN_UNREACHABLE_CODE = YES;
				CLANG_WARN__DUPLICATE_METHOD_MATCH = YES;
				"CODE_SIGN_IDENTITY[sdk=iphoneos*]" = "iPhone Developer";
				COPY_PHASE_STRIP = NO;
				DEBUG_INFORMATION_FORMAT = dwarf;
				ENABLE_STRICT_OBJC_MSGSEND = YES;
				ENABLE_TESTABILITY = YES;
				GCC_C_LANGUAGE_STANDARD = gnu99;
				GCC_DYNAMIC_NO_PIC = NO;
				GCC_NO_COMMON_BLOCKS = YES;
				GCC_OPTIMIZATION_LEVEL = 0;
				GCC_PREPROCESSOR_DEFINITIONS = (
					"DEBUG=1",
					"$(inherited)",
				);
				GCC_WARN_64_TO_32_BIT_CONVERSION = YES;
				GCC_WARN_ABOUT_RETURN_TYPE = YES_ERROR;
				GCC_WARN_UNDECLARED_SELECTOR = YES;
				GCC_WARN_UNINITIALIZED_AUTOS = YES_AGGRESSIVE;
				GCC_WARN_UNUSED_FUNCTION = YES;
				GCC_WARN_UNUSED_VARIABLE = YES;
				IPHONEOS_DEPLOYMENT_TARGET = 10.1;
				MTL_ENABLE_DEBUG_INFO = YES;
				ONLY_ACTIVE_ARCH = YES;
				SDKROOT = iphoneos;
				SWIFT_ACTIVE_COMPILATION_CONDITIONS = DEBUG;
				SWIFT_OPTIMIZATION_LEVEL = "-Onone";
				TARGETED_DEVICE_FAMILY = "1,2";
			};
			name = Debug;
		};
		64828F841DCBA2DE000DADE1 /* Release */ = {
			isa = XCBuildConfiguration;
			buildSettings = {
				ALWAYS_SEARCH_USER_PATHS = NO;
				CLANG_ANALYZER_NONNULL = YES;
				CLANG_CXX_LANGUAGE_STANDARD = "gnu++0x";
				CLANG_CXX_LIBRARY = "libc++";
				CLANG_ENABLE_MODULES = YES;
				CLANG_ENABLE_OBJC_ARC = YES;
				CLANG_WARN_BOOL_CONVERSION = YES;
				CLANG_WARN_CONSTANT_CONVERSION = YES;
				CLANG_WARN_DIRECT_OBJC_ISA_USAGE = YES_ERROR;
				CLANG_WARN_DOCUMENTATION_COMMENTS = YES;
				CLANG_WARN_EMPTY_BODY = YES;
				CLANG_WARN_ENUM_CONVERSION = YES;
				CLANG_WARN_INFINITE_RECURSION = YES;
				CLANG_WARN_INT_CONVERSION = YES;
				CLANG_WARN_OBJC_ROOT_CLASS = YES_ERROR;
				CLANG_WARN_SUSPICIOUS_MOVES = YES;
				CLANG_WARN_UNREACHABLE_CODE = YES;
				CLANG_WARN__DUPLICATE_METHOD_MATCH = YES;
				"CODE_SIGN_IDENTITY[sdk=iphoneos*]" = "iPhone Developer";
				COPY_PHASE_STRIP = NO;
				DEBUG_INFORMATION_FORMAT = "dwarf-with-dsym";
				ENABLE_NS_ASSERTIONS = NO;
				ENABLE_STRICT_OBJC_MSGSEND = YES;
				GCC_C_LANGUAGE_STANDARD = gnu99;
				GCC_NO_COMMON_BLOCKS = YES;
				GCC_WARN_64_TO_32_BIT_CONVERSION = YES;
				GCC_WARN_ABOUT_RETURN_TYPE = YES_ERROR;
				GCC_WARN_UNDECLARED_SELECTOR = YES;
				GCC_WARN_UNINITIALIZED_AUTOS = YES_AGGRESSIVE;
				GCC_WARN_UNUSED_FUNCTION = YES;
				GCC_WARN_UNUSED_VARIABLE = YES;
				IPHONEOS_DEPLOYMENT_TARGET = 10.1;
				MTL_ENABLE_DEBUG_INFO = NO;
				SDKROOT = iphoneos;
				SWIFT_OPTIMIZATION_LEVEL = "-Owholemodule";
				TARGETED_DEVICE_FAMILY = "1,2";
				VALIDATE_PRODUCT = YES;
			};
			name = Release;
		};
		64828F861DCBA2DE000DADE1 /* Debug */ = {
			isa = XCBuildConfiguration;
			buildSettings = {
				ASSETCATALOG_COMPILER_APPICON_NAME = AppIcon;
				INFOPLIST_FILE = eGFR/Info.plist;
				LD_RUNPATH_SEARCH_PATHS = "$(inherited) @executable_path/Frameworks";
				PRODUCT_BUNDLE_IDENTIFIER = be.kulak.peo.eGFR;
				PRODUCT_NAME = "$(TARGET_NAME)";
				SWIFT_VERSION = 3.0;
			};
			name = Debug;
		};
		64828F871DCBA2DE000DADE1 /* Release */ = {
			isa = XCBuildConfiguration;
			buildSettings = {
				ASSETCATALOG_COMPILER_APPICON_NAME = AppIcon;
				INFOPLIST_FILE = eGFR/Info.plist;
				LD_RUNPATH_SEARCH_PATHS = "$(inherited) @executable_path/Frameworks";
				PRODUCT_BUNDLE_IDENTIFIER = be.kulak.peo.eGFR;
				PRODUCT_NAME = "$(TARGET_NAME)";
				SWIFT_VERSION = 3.0;
			};
			name = Release;
		};
		64828F891DCBA2DE000DADE1 /* Debug */ = {
			isa = XCBuildConfiguration;
			buildSettings = {
				ALWAYS_EMBED_SWIFT_STANDARD_LIBRARIES = YES;
				BUNDLE_LOADER = "$(TEST_HOST)";
				INFOPLIST_FILE = eGFRTests/Info.plist;
				LD_RUNPATH_SEARCH_PATHS = "$(inherited) @executable_path/Frameworks @loader_path/Frameworks";
				PRODUCT_BUNDLE_IDENTIFIER = be.kulak.peo.eGFRTests;
				PRODUCT_NAME = "$(TARGET_NAME)";
				SWIFT_VERSION = 3.0;
				TEST_HOST = "$(BUILT_PRODUCTS_DIR)/eGFR.app/eGFR";
			};
			name = Debug;
		};
		64828F8A1DCBA2DE000DADE1 /* Release */ = {
			isa = XCBuildConfiguration;
			buildSettings = {
				ALWAYS_EMBED_SWIFT_STANDARD_LIBRARIES = YES;
				BUNDLE_LOADER = "$(TEST_HOST)";
				INFOPLIST_FILE = eGFRTests/Info.plist;
				LD_RUNPATH_SEARCH_PATHS = "$(inherited) @executable_path/Frameworks @loader_path/Frameworks";
				PRODUCT_BUNDLE_IDENTIFIER = be.kulak.peo.eGFRTests;
				PRODUCT_NAME = "$(TARGET_NAME)";
				SWIFT_VERSION = 3.0;
				TEST_HOST = "$(BUILT_PRODUCTS_DIR)/eGFR.app/eGFR";
			};
			name = Release;
		};
		64828F8C1DCBA2DE000DADE1 /* Debug */ = {
			isa = XCBuildConfiguration;
			buildSettings = {
				ALWAYS_EMBED_SWIFT_STANDARD_LIBRARIES = YES;
				INFOPLIST_FILE = eGFRUITests/Info.plist;
				LD_RUNPATH_SEARCH_PATHS = "$(inherited) @executable_path/Frameworks @loader_path/Frameworks";
				PRODUCT_BUNDLE_IDENTIFIER = be.kulak.peo.eGFRUITests;
				PRODUCT_NAME = "$(TARGET_NAME)";
				SWIFT_VERSION = 3.0;
				TEST_TARGET_NAME = eGFR;
			};
			name = Debug;
		};
		64828F8D1DCBA2DE000DADE1 /* Release */ = {
			isa = XCBuildConfiguration;
			buildSettings = {
				ALWAYS_EMBED_SWIFT_STANDARD_LIBRARIES = YES;
				INFOPLIST_FILE = eGFRUITests/Info.plist;
				LD_RUNPATH_SEARCH_PATHS = "$(inherited) @executable_path/Frameworks @loader_path/Frameworks";
				PRODUCT_BUNDLE_IDENTIFIER = be.kulak.peo.eGFRUITests;
				PRODUCT_NAME = "$(TARGET_NAME)";
				SWIFT_VERSION = 3.0;
				TEST_TARGET_NAME = eGFR;
			};
			name = Release;
		};
/* End XCBuildConfiguration section */

/* Begin XCConfigurationList section */
		64828F581DCBA2DD000DADE1 /* Build configuration list for PBXProject "eGFR" */ = {
			isa = XCConfigurationList;
			buildConfigurations = (
				64828F831DCBA2DE000DADE1 /* Debug */,
				64828F841DCBA2DE000DADE1 /* Release */,
			);
			defaultConfigurationIsVisible = 0;
			defaultConfigurationName = Release;
		};
		64828F851DCBA2DE000DADE1 /* Build configuration list for PBXNativeTarget "eGFR" */ = {
			isa = XCConfigurationList;
			buildConfigurations = (
				64828F861DCBA2DE000DADE1 /* Debug */,
				64828F871DCBA2DE000DADE1 /* Release */,
			);
			defaultConfigurationIsVisible = 0;
		};
		64828F881DCBA2DE000DADE1 /* Build configuration list for PBXNativeTarget "eGFRTests" */ = {
			isa = XCConfigurationList;
			buildConfigurations = (
				64828F891DCBA2DE000DADE1 /* Debug */,
				64828F8A1DCBA2DE000DADE1 /* Release */,
			);
			defaultConfigurationIsVisible = 0;
		};
		64828F8B1DCBA2DE000DADE1 /* Build configuration list for PBXNativeTarget "eGFRUITests" */ = {
			isa = XCConfigurationList;
			buildConfigurations = (
				64828F8C1DCBA2DE000DADE1 /* Debug */,
				64828F8D1DCBA2DE000DADE1 /* Release */,
			);
			defaultConfigurationIsVisible = 0;
		};
/* End XCConfigurationList section */
	};
	rootObject = 64828F551DCBA2DD000DADE1 /* Project object */;
}
